// !$*UTF8*$!
{
	archiveVersion = 1;
	classes = {
	};
	objectVersion = 51;
	objects = {

/* Begin PBXBuildFile section */
		49E5170A2492898F00DF99A4 /* AppDelegate.swift in Sources */ = {isa = PBXBuildFile; fileRef = 49E517092492898F00DF99A4 /* AppDelegate.swift */; };
		49E5170C2492898F00DF99A4 /* SceneDelegate.swift in Sources */ = {isa = PBXBuildFile; fileRef = 49E5170B2492898F00DF99A4 /* SceneDelegate.swift */; };
		49E5170E2492898F00DF99A4 /* ListViewController.swift in Sources */ = {isa = PBXBuildFile; fileRef = 49E5170D2492898F00DF99A4 /* ListViewController.swift */; };
		49E517132492899200DF99A4 /* Assets.xcassets in Resources */ = {isa = PBXBuildFile; fileRef = 49E517122492899200DF99A4 /* Assets.xcassets */; };
		49E517162492899200DF99A4 /* LaunchScreen.storyboard in Resources */ = {isa = PBXBuildFile; fileRef = 49E517142492899200DF99A4 /* LaunchScreen.storyboard */; };
		49E517212492899200DF99A4 /* RxSwift_MVVM_DemoTests.swift in Sources */ = {isa = PBXBuildFile; fileRef = 49E517202492899200DF99A4 /* RxSwift_MVVM_DemoTests.swift */; };
		49E5172E24928EC200DF99A4 /* GitHub.swift in Sources */ = {isa = PBXBuildFile; fileRef = 49E5172D24928EC200DF99A4 /* GitHub.swift */; };
		9A99033593308775E4DA29A3 /* Pods_RxSwift_MVVM_DemoTests.framework in Frameworks */ = {isa = PBXBuildFile; fileRef = CF9534F35A181F9E727D60F3 /* Pods_RxSwift_MVVM_DemoTests.framework */; };
		BA6B944D658EDBD18DFBD9A3 /* Pods_RxSwift_MVVM_Demo.framework in Frameworks */ = {isa = PBXBuildFile; fileRef = AABD97F568049CAE31AE9DA6 /* Pods_RxSwift_MVVM_Demo.framework */; };
/* End PBXBuildFile section */

/* Begin PBXContainerItemProxy section */
		49E5171D2492899200DF99A4 /* PBXContainerItemProxy */ = {
			isa = PBXContainerItemProxy;
			containerPortal = 49E516FE2492898F00DF99A4 /* Project object */;
			proxyType = 1;
			remoteGlobalIDString = 49E517052492898F00DF99A4;
			remoteInfo = "RxSwift+MVVM-Demo";
		};
/* End PBXContainerItemProxy section */

/* Begin PBXFileReference section */
		03CFF2CFB492CA7890FF0AD0 /* Pods-RxSwift+MVVM-Demo.debug.xcconfig */ = {isa = PBXFileReference; includeInIndex = 1; lastKnownFileType = text.xcconfig; name = "Pods-RxSwift+MVVM-Demo.debug.xcconfig"; path = "Target Support Files/Pods-RxSwift+MVVM-Demo/Pods-RxSwift+MVVM-Demo.debug.xcconfig"; sourceTree = "<group>"; };
		0CC0AA5550A324CB48AF4D0B /* Pods-RxSwift+MVVM-DemoTests.release.xcconfig */ = {isa = PBXFileReference; includeInIndex = 1; lastKnownFileType = text.xcconfig; name = "Pods-RxSwift+MVVM-DemoTests.release.xcconfig"; path = "Target Support Files/Pods-RxSwift+MVVM-DemoTests/Pods-RxSwift+MVVM-DemoTests.release.xcconfig"; sourceTree = "<group>"; };
		49E517062492898F00DF99A4 /* RxSwift+MVVM-Demo.app */ = {isa = PBXFileReference; explicitFileType = wrapper.application; includeInIndex = 0; path = "RxSwift+MVVM-Demo.app"; sourceTree = BUILT_PRODUCTS_DIR; };
		49E517092492898F00DF99A4 /* AppDelegate.swift */ = {isa = PBXFileReference; lastKnownFileType = sourcecode.swift; path = AppDelegate.swift; sourceTree = "<group>"; };
		49E5170B2492898F00DF99A4 /* SceneDelegate.swift */ = {isa = PBXFileReference; lastKnownFileType = sourcecode.swift; path = SceneDelegate.swift; sourceTree = "<group>"; };
		49E5170D2492898F00DF99A4 /* ListViewController.swift */ = {isa = PBXFileReference; lastKnownFileType = sourcecode.swift; path = ListViewController.swift; sourceTree = "<group>"; };
		49E517122492899200DF99A4 /* Assets.xcassets */ = {isa = PBXFileReference; lastKnownFileType = folder.assetcatalog; path = Assets.xcassets; sourceTree = "<group>"; };
		49E517152492899200DF99A4 /* Base */ = {isa = PBXFileReference; lastKnownFileType = file.storyboard; name = Base; path = Base.lproj/LaunchScreen.storyboard; sourceTree = "<group>"; };
		49E517172492899200DF99A4 /* Info.plist */ = {isa = PBXFileReference; lastKnownFileType = text.plist.xml; path = Info.plist; sourceTree = "<group>"; };
		49E5171C2492899200DF99A4 /* RxSwift+MVVM-DemoTests.xctest */ = {isa = PBXFileReference; explicitFileType = wrapper.cfbundle; includeInIndex = 0; path = "RxSwift+MVVM-DemoTests.xctest"; sourceTree = BUILT_PRODUCTS_DIR; };
		49E517202492899200DF99A4 /* RxSwift_MVVM_DemoTests.swift */ = {isa = PBXFileReference; lastKnownFileType = sourcecode.swift; path = RxSwift_MVVM_DemoTests.swift; sourceTree = "<group>"; };
		49E517222492899200DF99A4 /* Info.plist */ = {isa = PBXFileReference; lastKnownFileType = text.plist.xml; path = Info.plist; sourceTree = "<group>"; };
		49E5172D24928EC200DF99A4 /* GitHub.swift */ = {isa = PBXFileReference; lastKnownFileType = sourcecode.swift; path = GitHub.swift; sourceTree = "<group>"; };
		71166FB91E6B4D00B91E840B /* Pods-RxSwift+MVVM-Demo.release.xcconfig */ = {isa = PBXFileReference; includeInIndex = 1; lastKnownFileType = text.xcconfig; name = "Pods-RxSwift+MVVM-Demo.release.xcconfig"; path = "Target Support Files/Pods-RxSwift+MVVM-Demo/Pods-RxSwift+MVVM-Demo.release.xcconfig"; sourceTree = "<group>"; };
		AABD97F568049CAE31AE9DA6 /* Pods_RxSwift_MVVM_Demo.framework */ = {isa = PBXFileReference; explicitFileType = wrapper.framework; includeInIndex = 0; path = Pods_RxSwift_MVVM_Demo.framework; sourceTree = BUILT_PRODUCTS_DIR; };
		CF9534F35A181F9E727D60F3 /* Pods_RxSwift_MVVM_DemoTests.framework */ = {isa = PBXFileReference; explicitFileType = wrapper.framework; includeInIndex = 0; path = Pods_RxSwift_MVVM_DemoTests.framework; sourceTree = BUILT_PRODUCTS_DIR; };
		DCA18F624C110714BBB1E335 /* Pods-RxSwift+MVVM-DemoTests.debug.xcconfig */ = {isa = PBXFileReference; includeInIndex = 1; lastKnownFileType = text.xcconfig; name = "Pods-RxSwift+MVVM-DemoTests.debug.xcconfig"; path = "Target Support Files/Pods-RxSwift+MVVM-DemoTests/Pods-RxSwift+MVVM-DemoTests.debug.xcconfig"; sourceTree = "<group>"; };
/* End PBXFileReference section */

/* Begin PBXFrameworksBuildPhase section */
		49E517032492898F00DF99A4 /* Frameworks */ = {
			isa = PBXFrameworksBuildPhase;
			buildActionMask = 2147483647;
			files = (
				BA6B944D658EDBD18DFBD9A3 /* Pods_RxSwift_MVVM_Demo.framework in Frameworks */,
			);
			runOnlyForDeploymentPostprocessing = 0;
		};
		49E517192492899200DF99A4 /* Frameworks */ = {
			isa = PBXFrameworksBuildPhase;
			buildActionMask = 2147483647;
			files = (
				9A99033593308775E4DA29A3 /* Pods_RxSwift_MVVM_DemoTests.framework in Frameworks */,
			);
			runOnlyForDeploymentPostprocessing = 0;
		};
/* End PBXFrameworksBuildPhase section */

/* Begin PBXGroup section */
		1C44B6C6298D2ABFCA455C94 /* Pods */ = {
			isa = PBXGroup;
			children = (
				03CFF2CFB492CA7890FF0AD0 /* Pods-RxSwift+MVVM-Demo.debug.xcconfig */,
				71166FB91E6B4D00B91E840B /* Pods-RxSwift+MVVM-Demo.release.xcconfig */,
				DCA18F624C110714BBB1E335 /* Pods-RxSwift+MVVM-DemoTests.debug.xcconfig */,
				0CC0AA5550A324CB48AF4D0B /* Pods-RxSwift+MVVM-DemoTests.release.xcconfig */,
			);
			path = Pods;
			sourceTree = "<group>";
		};
		49E516FD2492898F00DF99A4 = {
			isa = PBXGroup;
			children = (
				49E517082492898F00DF99A4 /* RxSwift+MVVM-Demo */,
				49E5171F2492899200DF99A4 /* RxSwift+MVVM-DemoTests */,
				49E517072492898F00DF99A4 /* Products */,
				1C44B6C6298D2ABFCA455C94 /* Pods */,
				F466D6DCBE68F5EBD3D69D0D /* Frameworks */,
			);
			sourceTree = "<group>";
		};
		49E517072492898F00DF99A4 /* Products */ = {
			isa = PBXGroup;
			children = (
				49E517062492898F00DF99A4 /* RxSwift+MVVM-Demo.app */,
				49E5171C2492899200DF99A4 /* RxSwift+MVVM-DemoTests.xctest */,
			);
			name = Products;
			sourceTree = "<group>";
		};
		49E517082492898F00DF99A4 /* RxSwift+MVVM-Demo */ = {
			isa = PBXGroup;
			children = (
				49E5172F2492903800DF99A4 /* Protocol */,
				49E5172C24928EAC00DF99A4 /* Service */,
				49E5172B24928E7C00DF99A4 /* Networking */,
				49E517092492898F00DF99A4 /* AppDelegate.swift */,
				49E5170B2492898F00DF99A4 /* SceneDelegate.swift */,
				49E5170D2492898F00DF99A4 /* ListViewController.swift */,
				49E517122492899200DF99A4 /* Assets.xcassets */,
				49E517142492899200DF99A4 /* LaunchScreen.storyboard */,
				49E517172492899200DF99A4 /* Info.plist */,
			);
			path = "RxSwift+MVVM-Demo";
			sourceTree = "<group>";
		};
		49E5171F2492899200DF99A4 /* RxSwift+MVVM-DemoTests */ = {
			isa = PBXGroup;
			children = (
				49E517202492899200DF99A4 /* RxSwift_MVVM_DemoTests.swift */,
				49E517222492899200DF99A4 /* Info.plist */,
			);
			path = "RxSwift+MVVM-DemoTests";
			sourceTree = "<group>";
		};
		49E5172B24928E7C00DF99A4 /* Networking */ = {
			isa = PBXGroup;
			children = (
			);
			path = Networking;
			sourceTree = "<group>";
		};
		49E5172C24928EAC00DF99A4 /* Service */ = {
			isa = PBXGroup;
			children = (
				49E5172D24928EC200DF99A4 /* GitHub.swift */,
			);
			path = Service;
			sourceTree = "<group>";
		};
		49E5172F2492903800DF99A4 /* Protocol */ = {
			isa = PBXGroup;
			children = (
			);
			path = Protocol;
			sourceTree = "<group>";
		};
		F466D6DCBE68F5EBD3D69D0D /* Frameworks */ = {
			isa = PBXGroup;
			children = (
				AABD97F568049CAE31AE9DA6 /* Pods_RxSwift_MVVM_Demo.framework */,
				CF9534F35A181F9E727D60F3 /* Pods_RxSwift_MVVM_DemoTests.framework */,
			);
			name = Frameworks;
			sourceTree = "<group>";
		};
/* End PBXGroup section */

/* Begin PBXNativeTarget section */
		49E517052492898F00DF99A4 /* RxSwift+MVVM-Demo */ = {
			isa = PBXNativeTarget;
			buildConfigurationList = 49E517252492899200DF99A4 /* Build configuration list for PBXNativeTarget "RxSwift+MVVM-Demo" */;
			buildPhases = (
				BB01D8366C518DFC33B57996 /* [CP] Check Pods Manifest.lock */,
				49E517022492898F00DF99A4 /* Sources */,
				49E517032492898F00DF99A4 /* Frameworks */,
				49E517042492898F00DF99A4 /* Resources */,
				D8ED1F9333D22C8DEC747A2A /* [CP] Embed Pods Frameworks */,
			);
			buildRules = (
			);
			dependencies = (
			);
			name = "RxSwift+MVVM-Demo";
			productName = "RxSwift+MVVM-Demo";
			productReference = 49E517062492898F00DF99A4 /* RxSwift+MVVM-Demo.app */;
			productType = "com.apple.product-type.application";
		};
		49E5171B2492899200DF99A4 /* RxSwift+MVVM-DemoTests */ = {
			isa = PBXNativeTarget;
			buildConfigurationList = 49E517282492899200DF99A4 /* Build configuration list for PBXNativeTarget "RxSwift+MVVM-DemoTests" */;
			buildPhases = (
				0CB27F86F4B775C7FF21AC49 /* [CP] Check Pods Manifest.lock */,
				49E517182492899200DF99A4 /* Sources */,
				49E517192492899200DF99A4 /* Frameworks */,
				49E5171A2492899200DF99A4 /* Resources */,
				E097E01601C51F875CE117B0 /* [CP] Embed Pods Frameworks */,
			);
			buildRules = (
			);
			dependencies = (
				49E5171E2492899200DF99A4 /* PBXTargetDependency */,
			);
			name = "RxSwift+MVVM-DemoTests";
			productName = "RxSwift+MVVM-DemoTests";
			productReference = 49E5171C2492899200DF99A4 /* RxSwift+MVVM-DemoTests.xctest */;
			productType = "com.apple.product-type.bundle.unit-test";
		};
/* End PBXNativeTarget section */

/* Begin PBXProject section */
		49E516FE2492898F00DF99A4 /* Project object */ = {
			isa = PBXProject;
			attributes = {
				LastSwiftUpdateCheck = 1140;
				LastUpgradeCheck = 1140;
				ORGANIZATIONNAME = "SUNG HAO LIN";
				TargetAttributes = {
					49E517052492898F00DF99A4 = {
						CreatedOnToolsVersion = 11.4;
					};
					49E5171B2492899200DF99A4 = {
						CreatedOnToolsVersion = 11.4;
						TestTargetID = 49E517052492898F00DF99A4;
					};
				};
			};
			buildConfigurationList = 49E517012492898F00DF99A4 /* Build configuration list for PBXProject "RxSwift+MVVM-Demo" */;
			compatibilityVersion = "Xcode 9.3";
			developmentRegion = en;
			hasScannedForEncodings = 0;
			knownRegions = (
				en,
				Base,
			);
			mainGroup = 49E516FD2492898F00DF99A4;
			productRefGroup = 49E517072492898F00DF99A4 /* Products */;
			projectDirPath = "";
			projectRoot = "";
			targets = (
				49E517052492898F00DF99A4 /* RxSwift+MVVM-Demo */,
				49E5171B2492899200DF99A4 /* RxSwift+MVVM-DemoTests */,
			);
		};
/* End PBXProject section */

/* Begin PBXResourcesBuildPhase section */
		49E517042492898F00DF99A4 /* Resources */ = {
			isa = PBXResourcesBuildPhase;
			buildActionMask = 2147483647;
			files = (
				49E517162492899200DF99A4 /* LaunchScreen.storyboard in Resources */,
				49E517132492899200DF99A4 /* Assets.xcassets in Resources */,
			);
			runOnlyForDeploymentPostprocessing = 0;
		};
		49E5171A2492899200DF99A4 /* Resources */ = {
			isa = PBXResourcesBuildPhase;
			buildActionMask = 2147483647;
			files = (
			);
			runOnlyForDeploymentPostprocessing = 0;
		};
/* End PBXResourcesBuildPhase section */

/* Begin PBXShellScriptBuildPhase section */
		0CB27F86F4B775C7FF21AC49 /* [CP] Check Pods Manifest.lock */ = {
			isa = PBXShellScriptBuildPhase;
			buildActionMask = 2147483647;
			files = (
			);
			inputFileListPaths = (
			);
			inputPaths = (
				"${PODS_PODFILE_DIR_PATH}/Podfile.lock",
				"${PODS_ROOT}/Manifest.lock",
			);
			name = "[CP] Check Pods Manifest.lock";
			outputFileListPaths = (
			);
			outputPaths = (
				"$(DERIVED_FILE_DIR)/Pods-RxSwift+MVVM-DemoTests-checkManifestLockResult.txt",
			);
			runOnlyForDeploymentPostprocessing = 0;
			shellPath = /bin/sh;
			shellScript = "diff \"${PODS_PODFILE_DIR_PATH}/Podfile.lock\" \"${PODS_ROOT}/Manifest.lock\" > /dev/null\nif [ $? != 0 ] ; then\n    # print error to STDERR\n    echo \"error: The sandbox is not in sync with the Podfile.lock. Run 'pod install' or update your CocoaPods installation.\" >&2\n    exit 1\nfi\n# This output is used by Xcode 'outputs' to avoid re-running this script phase.\necho \"SUCCESS\" > \"${SCRIPT_OUTPUT_FILE_0}\"\n";
			showEnvVarsInLog = 0;
		};
		BB01D8366C518DFC33B57996 /* [CP] Check Pods Manifest.lock */ = {
			isa = PBXShellScriptBuildPhase;
			buildActionMask = 2147483647;
			files = (
			);
			inputFileListPaths = (
			);
			inputPaths = (
				"${PODS_PODFILE_DIR_PATH}/Podfile.lock",
				"${PODS_ROOT}/Manifest.lock",
			);
			name = "[CP] Check Pods Manifest.lock";
			outputFileListPaths = (
			);
			outputPaths = (
				"$(DERIVED_FILE_DIR)/Pods-RxSwift+MVVM-Demo-checkManifestLockResult.txt",
			);
			runOnlyForDeploymentPostprocessing = 0;
			shellPath = /bin/sh;
			shellScript = "diff \"${PODS_PODFILE_DIR_PATH}/Podfile.lock\" \"${PODS_ROOT}/Manifest.lock\" > /dev/null\nif [ $? != 0 ] ; then\n    # print error to STDERR\n    echo \"error: The sandbox is not in sync with the Podfile.lock. Run 'pod install' or update your CocoaPods installation.\" >&2\n    exit 1\nfi\n# This output is used by Xcode 'outputs' to avoid re-running this script phase.\necho \"SUCCESS\" > \"${SCRIPT_OUTPUT_FILE_0}\"\n";
			showEnvVarsInLog = 0;
		};
		D8ED1F9333D22C8DEC747A2A /* [CP] Embed Pods Frameworks */ = {
			isa = PBXShellScriptBuildPhase;
			buildActionMask = 2147483647;
			files = (
			);
			inputFileListPaths = (
				"${PODS_ROOT}/Target Support Files/Pods-RxSwift+MVVM-Demo/Pods-RxSwift+MVVM-Demo-frameworks-${CONFIGURATION}-input-files.xcfilelist",
			);
			name = "[CP] Embed Pods Frameworks";
			outputFileListPaths = (
				"${PODS_ROOT}/Target Support Files/Pods-RxSwift+MVVM-Demo/Pods-RxSwift+MVVM-Demo-frameworks-${CONFIGURATION}-output-files.xcfilelist",
			);
			runOnlyForDeploymentPostprocessing = 0;
			shellPath = /bin/sh;
			shellScript = "\"${PODS_ROOT}/Target Support Files/Pods-RxSwift+MVVM-Demo/Pods-RxSwift+MVVM-Demo-frameworks.sh\"\n";
			showEnvVarsInLog = 0;
		};
		E097E01601C51F875CE117B0 /* [CP] Embed Pods Frameworks */ = {
			isa = PBXShellScriptBuildPhase;
			buildActionMask = 2147483647;
			files = (
			);
			inputFileListPaths = (
				"${PODS_ROOT}/Target Support Files/Pods-RxSwift+MVVM-DemoTests/Pods-RxSwift+MVVM-DemoTests-frameworks-${CONFIGURATION}-input-files.xcfilelist",
			);
			name = "[CP] Embed Pods Frameworks";
			outputFileListPaths = (
				"${PODS_ROOT}/Target Support Files/Pods-RxSwift+MVVM-DemoTests/Pods-RxSwift+MVVM-DemoTests-frameworks-${CONFIGURATION}-output-files.xcfilelist",
			);
			runOnlyForDeploymentPostprocessing = 0;
			shellPath = /bin/sh;
			shellScript = "\"${PODS_ROOT}/Target Support Files/Pods-RxSwift+MVVM-DemoTests/Pods-RxSwift+MVVM-DemoTests-frameworks.sh\"\n";
			showEnvVarsInLog = 0;
		};
/* End PBXShellScriptBuildPhase section */

/* Begin PBXSourcesBuildPhase section */
		49E517022492898F00DF99A4 /* Sources */ = {
			isa = PBXSourcesBuildPhase;
			buildActionMask = 2147483647;
			files = (
				49E5170E2492898F00DF99A4 /* ListViewController.swift in Sources */,
				49E5170A2492898F00DF99A4 /* AppDelegate.swift in Sources */,
				49E5172E24928EC200DF99A4 /* GitHub.swift in Sources */,
				49E5170C2492898F00DF99A4 /* SceneDelegate.swift in Sources */,
			);
			runOnlyForDeploymentPostprocessing = 0;
		};
		49E517182492899200DF99A4 /* Sources */ = {
			isa = PBXSourcesBuildPhase;
			buildActionMask = 2147483647;
			files = (
				49E517212492899200DF99A4 /* RxSwift_MVVM_DemoTests.swift in Sources */,
			);
			runOnlyForDeploymentPostprocessing = 0;
		};
/* End PBXSourcesBuildPhase section */

/* Begin PBXTargetDependency section */
		49E5171E2492899200DF99A4 /* PBXTargetDependency */ = {
			isa = PBXTargetDependency;
			target = 49E517052492898F00DF99A4 /* RxSwift+MVVM-Demo */;
			targetProxy = 49E5171D2492899200DF99A4 /* PBXContainerItemProxy */;
		};
/* End PBXTargetDependency section */

/* Begin PBXVariantGroup section */
		49E517142492899200DF99A4 /* LaunchScreen.storyboard */ = {
			isa = PBXVariantGroup;
			children = (
				49E517152492899200DF99A4 /* Base */,
			);
			name = LaunchScreen.storyboard;
			sourceTree = "<group>";
		};
/* End PBXVariantGroup section */

/* Begin XCBuildConfiguration section */
		49E517232492899200DF99A4 /* Debug */ = {
			isa = XCBuildConfiguration;
			buildSettings = {
				ALWAYS_SEARCH_USER_PATHS = NO;
				CLANG_ANALYZER_NONNULL = YES;
				CLANG_ANALYZER_NUMBER_OBJECT_CONVERSION = YES_AGGRESSIVE;
				CLANG_CXX_LANGUAGE_STANDARD = "gnu++14";
				CLANG_CXX_LIBRARY = "libc++";
				CLANG_ENABLE_MODULES = YES;
				CLANG_ENABLE_OBJC_ARC = YES;
				CLANG_ENABLE_OBJC_WEAK = YES;
				CLANG_WARN_BLOCK_CAPTURE_AUTORELEASING = YES;
				CLANG_WARN_BOOL_CONVERSION = YES;
				CLANG_WARN_COMMA = YES;
				CLANG_WARN_CONSTANT_CONVERSION = YES;
				CLANG_WARN_DEPRECATED_OBJC_IMPLEMENTATIONS = YES;
				CLANG_WARN_DIRECT_OBJC_ISA_USAGE = YES_ERROR;
				CLANG_WARN_DOCUMENTATION_COMMENTS = YES;
				CLANG_WARN_EMPTY_BODY = YES;
				CLANG_WARN_ENUM_CONVERSION = YES;
				CLANG_WARN_INFINITE_RECURSION = YES;
				CLANG_WARN_INT_CONVERSION = YES;
				CLANG_WARN_NON_LITERAL_NULL_CONVERSION = YES;
				CLANG_WARN_OBJC_IMPLICIT_RETAIN_SELF = YES;
				CLANG_WARN_OBJC_LITERAL_CONVERSION = YES;
				CLANG_WARN_OBJC_ROOT_CLASS = YES_ERROR;
				CLANG_WARN_RANGE_LOOP_ANALYSIS = YES;
				CLANG_WARN_STRICT_PROTOTYPES = YES;
				CLANG_WARN_SUSPICIOUS_MOVE = YES;
				CLANG_WARN_UNGUARDED_AVAILABILITY = YES_AGGRESSIVE;
				CLANG_WARN_UNREACHABLE_CODE = YES;
				CLANG_WARN__DUPLICATE_METHOD_MATCH = YES;
				COPY_PHASE_STRIP = NO;
				DEBUG_INFORMATION_FORMAT = dwarf;
				ENABLE_STRICT_OBJC_MSGSEND = YES;
				ENABLE_TESTABILITY = YES;
				GCC_C_LANGUAGE_STANDARD = gnu11;
				GCC_DYNAMIC_NO_PIC = NO;
				GCC_NO_COMMON_BLOCKS = YES;
				GCC_OPTIMIZATION_LEVEL = 0;
				GCC_PREPROCESSOR_DEFINITIONS = (
					"DEBUG=1",
					"$(inherited)",
				);
				GCC_WARN_64_TO_32_BIT_CONVERSION = YES;
				GCC_WARN_ABOUT_RETURN_TYPE = YES_ERROR;
				GCC_WARN_UNDECLARED_SELECTOR = YES;
				GCC_WARN_UNINITIALIZED_AUTOS = YES_AGGRESSIVE;
				GCC_WARN_UNUSED_FUNCTION = YES;
				GCC_WARN_UNUSED_VARIABLE = YES;
				IPHONEOS_DEPLOYMENT_TARGET = 13.4;
				MTL_ENABLE_DEBUG_INFO = INCLUDE_SOURCE;
				MTL_FAST_MATH = YES;
				ONLY_ACTIVE_ARCH = YES;
				SDKROOT = iphoneos;
				SWIFT_ACTIVE_COMPILATION_CONDITIONS = DEBUG;
				SWIFT_OPTIMIZATION_LEVEL = "-Onone";
			};
			name = Debug;
		};
		49E517242492899200DF99A4 /* Release */ = {
			isa = XCBuildConfiguration;
			buildSettings = {
				ALWAYS_SEARCH_USER_PATHS = NO;
				CLANG_ANALYZER_NONNULL = YES;
				CLANG_ANALYZER_NUMBER_OBJECT_CONVERSION = YES_AGGRESSIVE;
				CLANG_CXX_LANGUAGE_STANDARD = "gnu++14";
				CLANG_CXX_LIBRARY = "libc++";
				CLANG_ENABLE_MODULES = YES;
				CLANG_ENABLE_OBJC_ARC = YES;
				CLANG_ENABLE_OBJC_WEAK = YES;
				CLANG_WARN_BLOCK_CAPTURE_AUTORELEASING = YES;
				CLANG_WARN_BOOL_CONVERSION = YES;
				CLANG_WARN_COMMA = YES;
				CLANG_WARN_CONSTANT_CONVERSION = YES;
				CLANG_WARN_DEPRECATED_OBJC_IMPLEMENTATIONS = YES;
				CLANG_WARN_DIRECT_OBJC_ISA_USAGE = YES_ERROR;
				CLANG_WARN_DOCUMENTATION_COMMENTS = YES;
				CLANG_WARN_EMPTY_BODY = YES;
				CLANG_WARN_ENUM_CONVERSION = YES;
				CLANG_WARN_INFINITE_RECURSION = YES;
				CLANG_WARN_INT_CONVERSION = YES;
				CLANG_WARN_NON_LITERAL_NULL_CONVERSION = YES;
				CLANG_WARN_OBJC_IMPLICIT_RETAIN_SELF = YES;
				CLANG_WARN_OBJC_LITERAL_CONVERSION = YES;
				CLANG_WARN_OBJC_ROOT_CLASS = YES_ERROR;
				CLANG_WARN_RANGE_LOOP_ANALYSIS = YES;
				CLANG_WARN_STRICT_PROTOTYPES = YES;
				CLANG_WARN_SUSPICIOUS_MOVE = YES;
				CLANG_WARN_UNGUARDED_AVAILABILITY = YES_AGGRESSIVE;
				CLANG_WARN_UNREACHABLE_CODE = YES;
				CLANG_WARN__DUPLICATE_METHOD_MATCH = YES;
				COPY_PHASE_STRIP = NO;
				DEBUG_INFORMATION_FORMAT = "dwarf-with-dsym";
				ENABLE_NS_ASSERTIONS = NO;
				ENABLE_STRICT_OBJC_MSGSEND = YES;
				GCC_C_LANGUAGE_STANDARD = gnu11;
				GCC_NO_COMMON_BLOCKS = YES;
				GCC_WARN_64_TO_32_BIT_CONVERSION = YES;
				GCC_WARN_ABOUT_RETURN_TYPE = YES_ERROR;
				GCC_WARN_UNDECLARED_SELECTOR = YES;
				GCC_WARN_UNINITIALIZED_AUTOS = YES_AGGRESSIVE;
				GCC_WARN_UNUSED_FUNCTION = YES;
				GCC_WARN_UNUSED_VARIABLE = YES;
				IPHONEOS_DEPLOYMENT_TARGET = 13.4;
				MTL_ENABLE_DEBUG_INFO = NO;
				MTL_FAST_MATH = YES;
				SDKROOT = iphoneos;
				SWIFT_COMPILATION_MODE = wholemodule;
				SWIFT_OPTIMIZATION_LEVEL = "-O";
				VALIDATE_PRODUCT = YES;
			};
			name = Release;
		};
		49E517262492899200DF99A4 /* Debug */ = {
			isa = XCBuildConfiguration;
			baseConfigurationReference = 03CFF2CFB492CA7890FF0AD0 /* Pods-RxSwift+MVVM-Demo.debug.xcconfig */;
			buildSettings = {
				ASSETCATALOG_COMPILER_APPICON_NAME = AppIcon;
				CODE_SIGN_STYLE = Automatic;
				DEVELOPMENT_TEAM = 2W4XUH8LUQ;
				INFOPLIST_FILE = "RxSwift+MVVM-Demo/Info.plist";
				LD_RUNPATH_SEARCH_PATHS = (
					"$(inherited)",
					"@executable_path/Frameworks",
				);
				PRODUCT_BUNDLE_IDENTIFIER = "com.gannasong.RxSwift-MVVM-Demo";
				PRODUCT_NAME = "$(TARGET_NAME)";
				SWIFT_VERSION = 5.0;
				TARGETED_DEVICE_FAMILY = "1,2";
			};
			name = Debug;
		};
		49E517272492899200DF99A4 /* Release */ = {
			isa = XCBuildConfiguration;
			baseConfigurationReference = 71166FB91E6B4D00B91E840B /* Pods-RxSwift+MVVM-Demo.release.xcconfig */;
			buildSettings = {
				ASSETCATALOG_COMPILER_APPICON_NAME = AppIcon;
				CODE_SIGN_STYLE = Automatic;
				DEVELOPMENT_TEAM = 2W4XUH8LUQ;
				INFOPLIST_FILE = "RxSwift+MVVM-Demo/Info.plist";
				LD_RUNPATH_SEARCH_PATHS = (
					"$(inherited)",
					"@executable_path/Frameworks",
				);
				PRODUCT_BUNDLE_IDENTIFIER = "com.gannasong.RxSwift-MVVM-Demo";
				PRODUCT_NAME = "$(TARGET_NAME)";
				SWIFT_VERSION = 5.0;
				TARGETED_DEVICE_FAMILY = "1,2";
			};
			name = Release;
		};
		49E517292492899200DF99A4 /* Debug */ = {
			isa = XCBuildConfiguration;
			baseConfigurationReference = DCA18F624C110714BBB1E335 /* Pods-RxSwift+MVVM-DemoTests.debug.xcconfig */;
			buildSettings = {
				ALWAYS_EMBED_SWIFT_STANDARD_LIBRARIES = YES;
				BUNDLE_LOADER = "$(TEST_HOST)";
				CODE_SIGN_STYLE = Automatic;
				DEVELOPMENT_TEAM = 2W4XUH8LUQ;
				INFOPLIST_FILE = "RxSwift+MVVM-DemoTests/Info.plist";
				IPHONEOS_DEPLOYMENT_TARGET = 13.4;
				LD_RUNPATH_SEARCH_PATHS = (
					"$(inherited)",
					"@executable_path/Frameworks",
					"@loader_path/Frameworks",
				);
				PRODUCT_BUNDLE_IDENTIFIER = "com.gannasong.RxSwift-MVVM-DemoTests";
				PRODUCT_NAME = "$(TARGET_NAME)";
				SWIFT_VERSION = 5.0;
				TARGETED_DEVICE_FAMILY = "1,2";
				TEST_HOST = "$(BUILT_PRODUCTS_DIR)/RxSwift+MVVM-Demo.app/RxSwift+MVVM-Demo";
			};
			name = Debug;
		};
		49E5172A2492899200DF99A4 /* Release */ = {
			isa = XCBuildConfiguration;
			baseConfigurationReference = 0CC0AA5550A324CB48AF4D0B /* Pods-RxSwift+MVVM-DemoTests.release.xcconfig */;
			buildSettings = {
				ALWAYS_EMBED_SWIFT_STANDARD_LIBRARIES = YES;
				BUNDLE_LOADER = "$(TEST_HOST)";
				CODE_SIGN_STYLE = Automatic;
				DEVELOPMENT_TEAM = 2W4XUH8LUQ;
				INFOPLIST_FILE = "RxSwift+MVVM-DemoTests/Info.plist";
				IPHONEOS_DEPLOYMENT_TARGET = 13.4;
				LD_RUNPATH_SEARCH_PATHS = (
					"$(inherited)",
					"@executable_path/Frameworks",
					"@loader_path/Frameworks",
				);
				PRODUCT_BUNDLE_IDENTIFIER = "com.gannasong.RxSwift-MVVM-DemoTests";
				PRODUCT_NAME = "$(TARGET_NAME)";
				SWIFT_VERSION = 5.0;
				TARGETED_DEVICE_FAMILY = "1,2";
				TEST_HOST = "$(BUILT_PRODUCTS_DIR)/RxSwift+MVVM-Demo.app/RxSwift+MVVM-Demo";
			};
			name = Release;
		};
/* End XCBuildConfiguration section */

/* Begin XCConfigurationList section */
		49E517012492898F00DF99A4 /* Build configuration list for PBXProject "RxSwift+MVVM-Demo" */ = {
			isa = XCConfigurationList;
			buildConfigurations = (
				49E517232492899200DF99A4 /* Debug */,
				49E517242492899200DF99A4 /* Release */,
			);
			defaultConfigurationIsVisible = 0;
			defaultConfigurationName = Release;
		};
		49E517252492899200DF99A4 /* Build configuration list for PBXNativeTarget "RxSwift+MVVM-Demo" */ = {
			isa = XCConfigurationList;
			buildConfigurations = (
				49E517262492899200DF99A4 /* Debug */,
				49E517272492899200DF99A4 /* Release */,
			);
			defaultConfigurationIsVisible = 0;
			defaultConfigurationName = Release;
		};
		49E517282492899200DF99A4 /* Build configuration list for PBXNativeTarget "RxSwift+MVVM-DemoTests" */ = {
			isa = XCConfigurationList;
			buildConfigurations = (
				49E517292492899200DF99A4 /* Debug */,
				49E5172A2492899200DF99A4 /* Release */,
			);
			defaultConfigurationIsVisible = 0;
			defaultConfigurationName = Release;
		};
/* End XCConfigurationList section */
	};
	rootObject = 49E516FE2492898F00DF99A4 /* Project object */;
}
